
Microsoft Visual Studio Solution File, Format Version 12.00
# Visual Studio Version 17
VisualStudioVersion = 17.9.34728.123
MinimumVisualStudioVersion = 10.0.40219.1
Project("{2150E333-8FDC-42A3-9474-1A3956D46DE8}") = "Core", "Core", "{BCD35544-7826-4A8C-8678-41B6D0629D3F}"
EndProject
Project("{2150E333-8FDC-42A3-9474-1A3956D46DE8}") = "Infrastructure", "Infrastructure", "{6548E4F8-4C95-45C1-B80A-79876EF3B5C9}"
EndProject
Project("{2150E333-8FDC-42A3-9474-1A3956D46DE8}") = "Presentation", "Presentation", "{CE23F0A2-7311-4849-BD82-21F6FA302DAB}"
EndProject
Project("{2150E333-8FDC-42A3-9474-1A3956D46DE8}") = "Tests", "Tests", "{79154077-D62C-4830-8626-5EFDCF7D5FA5}"
EndProject
Project("{9A19103F-16F7-4668-BE54-9A1E7A4F7556}") = "Library.Domain", "Library.Domain\Library.Domain.csproj", "{55EF690C-8DD9-49D3-8395-184BA28D7D7F}"
EndProject
Project("{9A19103F-16F7-4668-BE54-9A1E7A4F7556}") = "Library.Application", "Library.Application\Library.Application.csproj", "{CD772CF6-2670-4E5A-A136-8339A822E02D}"
EndProject
Project("{9A19103F-16F7-4668-BE54-9A1E7A4F7556}") = "Library.Persistence", "Library.Persistence\Library.Persistence.csproj", "{CF757437-5331-4D27-8C58-EA624EF6B880}"
EndProject
Project("{9A19103F-16F7-4668-BE54-9A1E7A4F7556}") = "Library.WebApi", "Library.WebApi\Library.WebApi.csproj", "{B1FC9C56-D417-448E-ACEF-FD411D9A4212}"
EndProject
Project("{9A19103F-16F7-4668-BE54-9A1E7A4F7556}") = "Library.Tests", "Library.Tests\Library.Tests.csproj", "{A84AE85F-CC86-46AA-863A-E874EB77BC14}"
	ProjectSection(ProjectDependencies) = postProject
		{CD772CF6-2670-4E5A-A136-8339A822E02D} = {CD772CF6-2670-4E5A-A136-8339A822E02D}
		{CF757437-5331-4D27-8C58-EA624EF6B880} = {CF757437-5331-4D27-8C58-EA624EF6B880}
	EndProjectSection
EndProject
Project("{2150E333-8FDC-42A3-9474-1A3956D46DE8}") = "IdentityServer", "IdentityServer", "{25233C0D-3080-4595-9BA5-64A0A3D5927E}"
EndProject
Project("{9A19103F-16F7-4668-BE54-9A1E7A4F7556}") = "IdentityServer", "..\IdentityServer\IdentityServer.csproj", "{62A43C22-546D-409C-BDC7-5392E2E44351}"
EndProject
Global
	GlobalSection(SolutionConfigurationPlatforms) = preSolution
		Debug|Any CPU = Debug|Any CPU
		Release|Any CPU = Release|Any CPU
	EndGlobalSection
	GlobalSection(ProjectConfigurationPlatforms) = postSolution
		{55EF690C-8DD9-49D3-8395-184BA28D7D7F}.Debug|Any CPU.ActiveCfg = Debug|Any CPU
		{55EF690C-8DD9-49D3-8395-184BA28D7D7F}.Debug|Any CPU.Build.0 = Debug|Any CPU
		{55EF690C-8DD9-49D3-8395-184BA28D7D7F}.Release|Any CPU.ActiveCfg = Release|Any CPU
		{55EF690C-8DD9-49D3-8395-184BA28D7D7F}.Release|Any CPU.Build.0 = Release|Any CPU
		{CD772CF6-2670-4E5A-A136-8339A822E02D}.Debug|Any CPU.ActiveCfg = Debug|Any CPU
		{CD772CF6-2670-4E5A-A136-8339A822E02D}.Debug|Any CPU.Build.0 = Debug|Any CPU
		{CD772CF6-2670-4E5A-A136-8339A822E02D}.Release|Any CPU.ActiveCfg = Release|Any CPU
		{CD772CF6-2670-4E5A-A136-8339A822E02D}.Release|Any CPU.Build.0 = Release|Any CPU
		{CF757437-5331-4D27-8C58-EA624EF6B880}.Debug|Any CPU.ActiveCfg = Debug|Any CPU
		{CF757437-5331-4D27-8C58-EA624EF6B880}.Debug|Any CPU.Build.0 = Debug|Any CPU
		{CF757437-5331-4D27-8C58-EA624EF6B880}.Release|Any CPU.ActiveCfg = Release|Any CPU
		{CF757437-5331-4D27-8C58-EA624EF6B880}.Release|Any CPU.Build.0 = Release|Any CPU
		{B1FC9C56-D417-448E-ACEF-FD411D9A4212}.Debug|Any CPU.ActiveCfg = Debug|Any CPU
		{B1FC9C56-D417-448E-ACEF-FD411D9A4212}.Debug|Any CPU.Build.0 = Debug|Any CPU
		{B1FC9C56-D417-448E-ACEF-FD411D9A4212}.Release|Any CPU.ActiveCfg = Release|Any CPU
		{B1FC9C56-D417-448E-ACEF-FD411D9A4212}.Release|Any CPU.Build.0 = Release|Any CPU
		{A84AE85F-CC86-46AA-863A-E874EB77BC14}.Debug|Any CPU.ActiveCfg = Debug|Any CPU
		{A84AE85F-CC86-46AA-863A-E874EB77BC14}.Debug|Any CPU.Build.0 = Debug|Any CPU
		{A84AE85F-CC86-46AA-863A-E874EB77BC14}.Release|Any CPU.ActiveCfg = Release|Any CPU
		{A84AE85F-CC86-46AA-863A-E874EB77BC14}.Release|Any CPU.Build.0 = Release|Any CPU
		{62A43C22-546D-409C-BDC7-5392E2E44351}.Debug|Any CPU.ActiveCfg = Debug|Any CPU
		{62A43C22-546D-409C-BDC7-5392E2E44351}.Debug|Any CPU.Build.0 = Debug|Any CPU
		{62A43C22-546D-409C-BDC7-5392E2E44351}.Release|Any CPU.ActiveCfg = Release|Any CPU
		{62A43C22-546D-409C-BDC7-5392E2E44351}.Release|Any CPU.Build.0 = Release|Any CPU
	EndGlobalSection
	GlobalSection(SolutionProperties) = preSolution
		HideSolutionNode = FALSE
	EndGlobalSection
	GlobalSection(NestedProjects) = preSolution
		{55EF690C-8DD9-49D3-8395-184BA28D7D7F} = {BCD35544-7826-4A8C-8678-41B6D0629D3F}
		{CD772CF6-2670-4E5A-A136-8339A822E02D} = {BCD35544-7826-4A8C-8678-41B6D0629D3F}
		{CF757437-5331-4D27-8C58-EA624EF6B880} = {6548E4F8-4C95-45C1-B80A-79876EF3B5C9}
		{B1FC9C56-D417-448E-ACEF-FD411D9A4212} = {CE23F0A2-7311-4849-BD82-21F6FA302DAB}
		{A84AE85F-CC86-46AA-863A-E874EB77BC14} = {79154077-D62C-4830-8626-5EFDCF7D5FA5}
		{62A43C22-546D-409C-BDC7-5392E2E44351} = {25233C0D-3080-4595-9BA5-64A0A3D5927E}
	EndGlobalSection
	GlobalSection(ExtensibilityGlobals) = postSolution
		SolutionGuid = {DB817FE9-1066-4158-A217-FF783AA6EE81}
	EndGlobalSection
EndGlobal
